
Microsoft Visual Studio Solution File, Format Version 12.00
# Visual Studio Version 17
VisualStudioVersion = 17.5.33627.172
MinimumVisualStudioVersion = 10.0.40219.1
Project("{2150E333-8FDC-42A3-9474-1A3956D46DE8}") = "src", "src", "{36D4936F-BB59-41E9-B655-F1A942A575F5}"
EndProject
Project("{9A19103F-16F7-4668-BE54-9A1E7A4F7556}") = "Worker", "src\Worker\Worker.csproj", "{7A615C60-02E4-4459-8A3C-90DA5FBE34BE}"
EndProject
Project("{9A19103F-16F7-4668-BE54-9A1E7A4F7556}") = "GSL.SharedModel", "..\..\Shared\GSL.SharedModel\GSL.SharedModel.csproj", "{6354FC91-A784-4B2A-88E2-F240BE2A26C0}"
EndProject
Global
	GlobalSection(SolutionConfigurationPlatforms) = preSolution
		Debug|Any CPU = Debug|Any CPU
		Release|Any CPU = Release|Any CPU
	EndGlobalSection
	GlobalSection(ProjectConfigurationPlatforms) = postSolution
		{7A615C60-02E4-4459-8A3C-90DA5FBE34BE}.Debug|Any CPU.ActiveCfg = Debug|Any CPU
		{7A615C60-02E4-4459-8A3C-90DA5FBE34BE}.Debug|Any CPU.Build.0 = Debug|Any CPU
		{7A615C60-02E4-4459-8A3C-90DA5FBE34BE}.Release|Any CPU.ActiveCfg = Release|Any CPU
		{7A615C60-02E4-4459-8A3C-90DA5FBE34BE}.Release|Any CPU.Build.0 = Release|Any CPU
		{6354FC91-A784-4B2A-88E2-F240BE2A26C0}.Debug|Any CPU.ActiveCfg = Debug|Any CPU
		{6354FC91-A784-4B2A-88E2-F240BE2A26C0}.Debug|Any CPU.Build.0 = Debug|Any CPU
		{6354FC91-A784-4B2A-88E2-F240BE2A26C0}.Release|Any CPU.ActiveCfg = Release|Any CPU
		{6354FC91-A784-4B2A-88E2-F240BE2A26C0}.Release|Any CPU.Build.0 = Release|Any CPU
	EndGlobalSection
	GlobalSection(SolutionProperties) = preSolution
		HideSolutionNode = FALSE
	EndGlobalSection
	GlobalSection(NestedProjects) = preSolution
		{7A615C60-02E4-4459-8A3C-90DA5FBE34BE} = {36D4936F-BB59-41E9-B655-F1A942A575F5}
		{6354FC91-A784-4B2A-88E2-F240BE2A26C0} = {36D4936F-BB59-41E9-B655-F1A942A575F5}
	EndGlobalSection
	GlobalSection(ExtensibilityGlobals) = postSolution
		SolutionGuid = {A1F9D1FD-7DC8-4991-AF1A-C88FFBBD9DE7}
	EndGlobalSection
EndGlobal
